
Microsoft Visual Studio Solution File, Format Version 12.00
# Visual Studio Version 16
VisualStudioVersion = 16.0.31229.75
MinimumVisualStudioVersion = 10.0.40219.1
Project("{9A19103F-16F7-4668-BE54-9A1E7A4F7556}") = "ExperianApi", "ExperianApi.csproj", "{759A0C9B-07DE-4CA7-944F-EF06B1DCCB56}"
EndProject
Project("{FAE04EC0-301F-11D3-BF4B-00C04F79EFBC}") = "ExperianApiTest", "..\ExperianApiTest\ExperianApiTest.csproj", "{60CDF913-AE78-4ACF-97D5-823D557F4B8C}"
EndProject
Global
	GlobalSection(SolutionConfigurationPlatforms) = preSolution
		Debug|Any CPU = Debug|Any CPU
		Release|Any CPU = Release|Any CPU
	EndGlobalSection
	GlobalSection(ProjectConfigurationPlatforms) = postSolution
		{759A0C9B-07DE-4CA7-944F-EF06B1DCCB56}.Debug|Any CPU.ActiveCfg = Debug|Any CPU
		{759A0C9B-07DE-4CA7-944F-EF06B1DCCB56}.Debug|Any CPU.Build.0 = Debug|Any CPU
		{759A0C9B-07DE-4CA7-944F-EF06B1DCCB56}.Release|Any CPU.ActiveCfg = Release|Any CPU
		{759A0C9B-07DE-4CA7-944F-EF06B1DCCB56}.Release|Any CPU.Build.0 = Release|Any CPU
		{60CDF913-AE78-4ACF-97D5-823D557F4B8C}.Debug|Any CPU.ActiveCfg = Debug|Any CPU
		{60CDF913-AE78-4ACF-97D5-823D557F4B8C}.Debug|Any CPU.Build.0 = Debug|Any CPU
		{60CDF913-AE78-4ACF-97D5-823D557F4B8C}.Release|Any CPU.ActiveCfg = Release|Any CPU
		{60CDF913-AE78-4ACF-97D5-823D557F4B8C}.Release|Any CPU.Build.0 = Release|Any CPU
	EndGlobalSection
	GlobalSection(SolutionProperties) = preSolution
		HideSolutionNode = FALSE
	EndGlobalSection
	GlobalSection(ExtensibilityGlobals) = postSolution
		SolutionGuid = {12BC1929-99E8-4CF6-B093-94ED24B4AB01}
	EndGlobalSection
EndGlobal
